{
  "name": "medicalShadowingVR",
  "lockfileVersion": 3,
  "requires": true,
  "packages": {
    "": {
      "dependencies": {
        "hls.js": "^1.6.0-beta.1.0.canary.10719"
      }
    },
    "node_modules/hls.js": {
      "version": "1.6.0-beta.1.0.canary.10719",
      "resolved": "https://registry.npmjs.org/hls.js/-/hls.js-1.6.0-beta.1.0.canary.10719.tgz",
      "integrity": "sha512-TB14wvJNWwaRl0dSHtooKhkvgi1eNSiWrnmu/S6VU7JobQWqQqWqKG0gPvHNzTiL8ulaqdBh31dUGjd8TXqsXA==",
      "license": "Apache-2.0"
    }
  }
}
